
Microsoft Visual Studio Solution File, Format Version 12.00
# Visual Studio 14
VisualStudioVersion = 14.0.25420.1
MinimumVisualStudioVersion = 10.0.40219.1
Project("{8BC9CEB8-8B4A-11D0-8D11-00A0C91BC942}") = "VmLoader", "VmLoader.vcxproj", "{DA667B64-6E37-40D3-B399-6E65615B3D7F}"
EndProject
Project("{8BC9CEB8-8B4A-11D0-8D11-00A0C91BC942}") = "capstone_static_winkernel", "..\capstone2\msvc\capstone_static_winkernel\capstone_static_winkernel.vcxproj", "{FE197816-EF84-4E8D-B29D-E0A6BA2B144B}"
EndProject
Project("{8BC9CEB8-8B4A-11D0-8D11-00A0C91BC942}") = "HiddenTests", "..\hidden\HiddenTests\HiddenTests.vcxproj", "{023C63A1-726C-48D9-AA17-E62A7EFD862D}"
EndProject
Project("{8BC9CEB8-8B4A-11D0-8D11-00A0C91BC942}") = "Hidden", "..\hidden\Hidden\Hidden.vcxproj", "{3E4BBCD0-DC35-4825-9A8D-8686CDFAA6A8}"
EndProject
Project("{8BC9CEB8-8B4A-11D0-8D11-00A0C91BC942}") = "HiddenLib", "..\hidden\HiddenLib\HiddenLib.vcxproj", "{EFECF76B-C3A8-4444-9314-70F72A0A48D8}"
EndProject
Global
	GlobalSection(SolutionConfigurationPlatforms) = preSolution
		Debug|ARM = Debug|ARM
		Debug|ARM64 = Debug|ARM64
		Debug|x64 = Debug|x64
		Debug|x86 = Debug|x86
		Release|ARM = Release|ARM
		Release|ARM64 = Release|ARM64
		Release|x64 = Release|x64
		Release|x86 = Release|x86
	EndGlobalSection
	GlobalSection(ProjectConfigurationPlatforms) = postSolution
		{DA667B64-6E37-40D3-B399-6E65615B3D7F}.Debug|ARM.ActiveCfg = Debug|ARM
		{DA667B64-6E37-40D3-B399-6E65615B3D7F}.Debug|ARM.Build.0 = Debug|ARM
		{DA667B64-6E37-40D3-B399-6E65615B3D7F}.Debug|ARM.Deploy.0 = Debug|ARM
		{DA667B64-6E37-40D3-B399-6E65615B3D7F}.Debug|ARM64.ActiveCfg = Debug|ARM64
		{DA667B64-6E37-40D3-B399-6E65615B3D7F}.Debug|ARM64.Build.0 = Debug|ARM64
		{DA667B64-6E37-40D3-B399-6E65615B3D7F}.Debug|ARM64.Deploy.0 = Debug|ARM64
		{DA667B64-6E37-40D3-B399-6E65615B3D7F}.Debug|x64.ActiveCfg = Debug|x64
		{DA667B64-6E37-40D3-B399-6E65615B3D7F}.Debug|x64.Build.0 = Debug|x64
		{DA667B64-6E37-40D3-B399-6E65615B3D7F}.Debug|x64.Deploy.0 = Debug|x64
		{DA667B64-6E37-40D3-B399-6E65615B3D7F}.Debug|x86.ActiveCfg = Debug|Win32
		{DA667B64-6E37-40D3-B399-6E65615B3D7F}.Debug|x86.Build.0 = Debug|Win32
		{DA667B64-6E37-40D3-B399-6E65615B3D7F}.Debug|x86.Deploy.0 = Debug|Win32
		{DA667B64-6E37-40D3-B399-6E65615B3D7F}.Release|ARM.ActiveCfg = Release|ARM
		{DA667B64-6E37-40D3-B399-6E65615B3D7F}.Release|ARM.Build.0 = Release|ARM
		{DA667B64-6E37-40D3-B399-6E65615B3D7F}.Release|ARM.Deploy.0 = Release|ARM
		{DA667B64-6E37-40D3-B399-6E65615B3D7F}.Release|ARM64.ActiveCfg = Release|ARM64
		{DA667B64-6E37-40D3-B399-6E65615B3D7F}.Release|ARM64.Build.0 = Release|ARM64
		{DA667B64-6E37-40D3-B399-6E65615B3D7F}.Release|ARM64.Deploy.0 = Release|ARM64
		{DA667B64-6E37-40D3-B399-6E65615B3D7F}.Release|x64.ActiveCfg = Release|x64
		{DA667B64-6E37-40D3-B399-6E65615B3D7F}.Release|x64.Build.0 = Release|x64
		{DA667B64-6E37-40D3-B399-6E65615B3D7F}.Release|x64.Deploy.0 = Release|x64
		{DA667B64-6E37-40D3-B399-6E65615B3D7F}.Release|x86.ActiveCfg = Release|Win32
		{DA667B64-6E37-40D3-B399-6E65615B3D7F}.Release|x86.Build.0 = Release|Win32
		{DA667B64-6E37-40D3-B399-6E65615B3D7F}.Release|x86.Deploy.0 = Release|Win32
		{FE197816-EF84-4E8D-B29D-E0A6BA2B144B}.Debug|ARM.ActiveCfg = Debug|Win32
		{FE197816-EF84-4E8D-B29D-E0A6BA2B144B}.Debug|ARM64.ActiveCfg = Debug|Win32
		{FE197816-EF84-4E8D-B29D-E0A6BA2B144B}.Debug|x64.ActiveCfg = Debug|x64
		{FE197816-EF84-4E8D-B29D-E0A6BA2B144B}.Debug|x64.Build.0 = Debug|x64
		{FE197816-EF84-4E8D-B29D-E0A6BA2B144B}.Debug|x64.Deploy.0 = Debug|x64
		{FE197816-EF84-4E8D-B29D-E0A6BA2B144B}.Debug|x86.ActiveCfg = Debug|Win32
		{FE197816-EF84-4E8D-B29D-E0A6BA2B144B}.Debug|x86.Build.0 = Debug|Win32
		{FE197816-EF84-4E8D-B29D-E0A6BA2B144B}.Debug|x86.Deploy.0 = Debug|Win32
		{FE197816-EF84-4E8D-B29D-E0A6BA2B144B}.Release|ARM.ActiveCfg = Release|Win32
		{FE197816-EF84-4E8D-B29D-E0A6BA2B144B}.Release|ARM64.ActiveCfg = Release|Win32
		{FE197816-EF84-4E8D-B29D-E0A6BA2B144B}.Release|x64.ActiveCfg = Release|x64
		{FE197816-EF84-4E8D-B29D-E0A6BA2B144B}.Release|x64.Build.0 = Release|x64
		{FE197816-EF84-4E8D-B29D-E0A6BA2B144B}.Release|x64.Deploy.0 = Release|x64
		{FE197816-EF84-4E8D-B29D-E0A6BA2B144B}.Release|x86.ActiveCfg = Release|Win32
		{FE197816-EF84-4E8D-B29D-E0A6BA2B144B}.Release|x86.Build.0 = Release|Win32
		{FE197816-EF84-4E8D-B29D-E0A6BA2B144B}.Release|x86.Deploy.0 = Release|Win32
		{023C63A1-726C-48D9-AA17-E62A7EFD862D}.Debug|ARM.ActiveCfg = Debug|Win32
		{023C63A1-726C-48D9-AA17-E62A7EFD862D}.Debug|ARM64.ActiveCfg = Debug|Win32
		{023C63A1-726C-48D9-AA17-E62A7EFD862D}.Debug|x64.ActiveCfg = Debug|x64
		{023C63A1-726C-48D9-AA17-E62A7EFD862D}.Debug|x64.Build.0 = Debug|x64
		{023C63A1-726C-48D9-AA17-E62A7EFD862D}.Debug|x86.ActiveCfg = Debug|Win32
		{023C63A1-726C-48D9-AA17-E62A7EFD862D}.Debug|x86.Build.0 = Debug|Win32
		{023C63A1-726C-48D9-AA17-E62A7EFD862D}.Release|ARM.ActiveCfg = Release|Win32
		{023C63A1-726C-48D9-AA17-E62A7EFD862D}.Release|ARM64.ActiveCfg = Release|Win32
		{023C63A1-726C-48D9-AA17-E62A7EFD862D}.Release|x64.ActiveCfg = Release|x64
		{023C63A1-726C-48D9-AA17-E62A7EFD862D}.Release|x64.Build.0 = Release|x64
		{023C63A1-726C-48D9-AA17-E62A7EFD862D}.Release|x86.ActiveCfg = Release|Win32
		{023C63A1-726C-48D9-AA17-E62A7EFD862D}.Release|x86.Build.0 = Release|Win32
		{3E4BBCD0-DC35-4825-9A8D-8686CDFAA6A8}.Debug|ARM.ActiveCfg = Debug|Win32
		{3E4BBCD0-DC35-4825-9A8D-8686CDFAA6A8}.Debug|ARM64.ActiveCfg = Debug|Win32
		{3E4BBCD0-DC35-4825-9A8D-8686CDFAA6A8}.Debug|x64.ActiveCfg = Debug|x64
		{3E4BBCD0-DC35-4825-9A8D-8686CDFAA6A8}.Debug|x64.Build.0 = Debug|x64
		{3E4BBCD0-DC35-4825-9A8D-8686CDFAA6A8}.Debug|x64.Deploy.0 = Debug|x64
		{3E4BBCD0-DC35-4825-9A8D-8686CDFAA6A8}.Debug|x86.ActiveCfg = Debug|Win32
		{3E4BBCD0-DC35-4825-9A8D-8686CDFAA6A8}.Debug|x86.Build.0 = Debug|Win32
		{3E4BBCD0-DC35-4825-9A8D-8686CDFAA6A8}.Debug|x86.Deploy.0 = Debug|Win32
		{3E4BBCD0-DC35-4825-9A8D-8686CDFAA6A8}.Release|ARM.ActiveCfg = Release|Win32
		{3E4BBCD0-DC35-4825-9A8D-8686CDFAA6A8}.Release|ARM64.ActiveCfg = Release|Win32
		{3E4BBCD0-DC35-4825-9A8D-8686CDFAA6A8}.Release|x64.ActiveCfg = Release|x64
		{3E4BBCD0-DC35-4825-9A8D-8686CDFAA6A8}.Release|x64.Build.0 = Release|x64
		{3E4BBCD0-DC35-4825-9A8D-8686CDFAA6A8}.Release|x64.Deploy.0 = Release|x64
		{3E4BBCD0-DC35-4825-9A8D-8686CDFAA6A8}.Release|x86.ActiveCfg = Release|Win32
		{3E4BBCD0-DC35-4825-9A8D-8686CDFAA6A8}.Release|x86.Build.0 = Release|Win32
		{3E4BBCD0-DC35-4825-9A8D-8686CDFAA6A8}.Release|x86.Deploy.0 = Release|Win32
		{EFECF76B-C3A8-4444-9314-70F72A0A48D8}.Debug|ARM.ActiveCfg = Debug|Win32
		{EFECF76B-C3A8-4444-9314-70F72A0A48D8}.Debug|ARM64.ActiveCfg = Debug|Win32
		{EFECF76B-C3A8-4444-9314-70F72A0A48D8}.Debug|x64.ActiveCfg = Debug|x64
		{EFECF76B-C3A8-4444-9314-70F72A0A48D8}.Debug|x64.Build.0 = Debug|x64
		{EFECF76B-C3A8-4444-9314-70F72A0A48D8}.Debug|x86.ActiveCfg = Debug|Win32
		{EFECF76B-C3A8-4444-9314-70F72A0A48D8}.Debug|x86.Build.0 = Debug|Win32
		{EFECF76B-C3A8-4444-9314-70F72A0A48D8}.Release|ARM.ActiveCfg = Release|Win32
		{EFECF76B-C3A8-4444-9314-70F72A0A48D8}.Release|ARM64.ActiveCfg = Release|Win32
		{EFECF76B-C3A8-4444-9314-70F72A0A48D8}.Release|x64.ActiveCfg = Release|x64
		{EFECF76B-C3A8-4444-9314-70F72A0A48D8}.Release|x64.Build.0 = Release|x64
		{EFECF76B-C3A8-4444-9314-70F72A0A48D8}.Release|x86.ActiveCfg = Release|Win32
		{EFECF76B-C3A8-4444-9314-70F72A0A48D8}.Release|x86.Build.0 = Release|Win32
	EndGlobalSection
	GlobalSection(SolutionProperties) = preSolution
		HideSolutionNode = FALSE
	EndGlobalSection
EndGlobal
